
Microsoft Visual Studio Solution File, Format Version 12.00
# Visual Studio Version 17
VisualStudioVersion = 17.11.35312.102
MinimumVisualStudioVersion = 10.0.40219.1
Project("{9A19103F-16F7-4668-BE54-9A1E7A4F7556}") = "DockerSprint", "DockerSprint\DockerSprint.csproj", "{75F55756-0A43-4A5D-89B7-B1A03B390B2D}"
EndProject
Project("{9A19103F-16F7-4668-BE54-9A1E7A4F7556}") = "App", "App\App.csproj", "{2FED1D0E-1B47-4DE5-9347-61E6717F1289}"
EndProject
Global
	GlobalSection(SolutionConfigurationPlatforms) = preSolution
		Debug|Any CPU = Debug|Any CPU
		Release|Any CPU = Release|Any CPU
	EndGlobalSection
	GlobalSection(ProjectConfigurationPlatforms) = postSolution
		{75F55756-0A43-4A5D-89B7-B1A03B390B2D}.Debug|Any CPU.ActiveCfg = Debug|Any CPU
		{75F55756-0A43-4A5D-89B7-B1A03B390B2D}.Debug|Any CPU.Build.0 = Debug|Any CPU
		{75F55756-0A43-4A5D-89B7-B1A03B390B2D}.Release|Any CPU.ActiveCfg = Release|Any CPU
		{75F55756-0A43-4A5D-89B7-B1A03B390B2D}.Release|Any CPU.Build.0 = Release|Any CPU
		{2FED1D0E-1B47-4DE5-9347-61E6717F1289}.Debug|Any CPU.ActiveCfg = Debug|Any CPU
		{2FED1D0E-1B47-4DE5-9347-61E6717F1289}.Debug|Any CPU.Build.0 = Debug|Any CPU
		{2FED1D0E-1B47-4DE5-9347-61E6717F1289}.Release|Any CPU.ActiveCfg = Release|Any CPU
		{2FED1D0E-1B47-4DE5-9347-61E6717F1289}.Release|Any CPU.Build.0 = Release|Any CPU
	EndGlobalSection
	GlobalSection(SolutionProperties) = preSolution
		HideSolutionNode = FALSE
	EndGlobalSection
	GlobalSection(ExtensibilityGlobals) = postSolution
		SolutionGuid = {0DEA7B14-6E95-4B2B-847B-C01FF137D74E}
	EndGlobalSection
EndGlobal
