
Microsoft Visual Studio Solution File, Format Version 12.00
# Visual Studio Version 17
VisualStudioVersion = 17.11.35312.102
MinimumVisualStudioVersion = 10.0.40219.1
Project("{FAE04EC0-301F-11D3-BF4B-00C04F79EFBC}") = "DockerSprint", "DockerSprint\DockerSprint.csproj", "{75F55756-0A43-4A5D-89B7-B1A03B390B2D}"
EndProject
Global
	GlobalSection(SolutionConfigurationPlatforms) = preSolution
		Debug|Any CPU = Debug|Any CPU
		Release|Any CPU = Release|Any CPU
	EndGlobalSection
	GlobalSection(ProjectConfigurationPlatforms) = postSolution
		{75F55756-0A43-4A5D-89B7-B1A03B390B2D}.Debug|Any CPU.ActiveCfg = Debug|Any CPU
		{75F55756-0A43-4A5D-89B7-B1A03B390B2D}.Debug|Any CPU.Build.0 = Debug|Any CPU
		{75F55756-0A43-4A5D-89B7-B1A03B390B2D}.Release|Any CPU.ActiveCfg = Release|Any CPU
		{75F55756-0A43-4A5D-89B7-B1A03B390B2D}.Release|Any CPU.Build.0 = Release|Any CPU
	EndGlobalSection
	GlobalSection(SolutionProperties) = preSolution
		HideSolutionNode = FALSE
	EndGlobalSection
	GlobalSection(ExtensibilityGlobals) = postSolution
		SolutionGuid = {0DEA7B14-6E95-4B2B-847B-C01FF137D74E}
	EndGlobalSection
EndGlobal
